
Microsoft Visual Studio Solution File, Format Version 12.00
# Visual Studio Version 16
VisualStudioVersion = 16.0.30114.105
MinimumVisualStudioVersion = 10.0.40219.1
Project("{FAE04EC0-301F-11D3-BF4B-00C04F79EFBC}") = "BusinessLogic", "BusinessLogic\BusinessLogic.csproj", "{7A621101-F152-4B4F-8088-13726FF90208}"
EndProject
Project("{FAE04EC0-301F-11D3-BF4B-00C04F79EFBC}") = "DataAccess", "DataAccess\DataAccess.csproj", "{6B7C302C-8C75-486E-90F4-15FB7FAF9AA5}"
EndProject
Project("{FAE04EC0-301F-11D3-BF4B-00C04F79EFBC}") = "Models", "Models\Models.csproj", "{4ECC9AA1-C271-4E11-9F8B-17B0BAD3F6AF}"
EndProject
Project("{FAE04EC0-301F-11D3-BF4B-00C04F79EFBC}") = "UnitTest", "UnitTest\UnitTest.csproj", "{DAEFA3B4-0FCF-4795-8EB8-2DF16CF01C58}"
EndProject
Project("{FAE04EC0-301F-11D3-BF4B-00C04F79EFBC}") = "WebApi", "WebApi\WebApi.csproj", "{0E427504-627F-40D6-813B-BC82B648B140}"
EndProject
Global
	GlobalSection(SolutionConfigurationPlatforms) = preSolution
		Debug|Any CPU = Debug|Any CPU
		Debug|x64 = Debug|x64
		Debug|x86 = Debug|x86
		Release|Any CPU = Release|Any CPU
		Release|x64 = Release|x64
		Release|x86 = Release|x86
	EndGlobalSection
	GlobalSection(SolutionProperties) = preSolution
		HideSolutionNode = FALSE
	EndGlobalSection
	GlobalSection(ProjectConfigurationPlatforms) = postSolution
		{7A621101-F152-4B4F-8088-13726FF90208}.Debug|Any CPU.ActiveCfg = Debug|Any CPU
		{7A621101-F152-4B4F-8088-13726FF90208}.Debug|Any CPU.Build.0 = Debug|Any CPU
		{7A621101-F152-4B4F-8088-13726FF90208}.Debug|x64.ActiveCfg = Debug|Any CPU
		{7A621101-F152-4B4F-8088-13726FF90208}.Debug|x64.Build.0 = Debug|Any CPU
		{7A621101-F152-4B4F-8088-13726FF90208}.Debug|x86.ActiveCfg = Debug|Any CPU
		{7A621101-F152-4B4F-8088-13726FF90208}.Debug|x86.Build.0 = Debug|Any CPU
		{7A621101-F152-4B4F-8088-13726FF90208}.Release|Any CPU.ActiveCfg = Release|Any CPU
		{7A621101-F152-4B4F-8088-13726FF90208}.Release|Any CPU.Build.0 = Release|Any CPU
		{7A621101-F152-4B4F-8088-13726FF90208}.Release|x64.ActiveCfg = Release|Any CPU
		{7A621101-F152-4B4F-8088-13726FF90208}.Release|x64.Build.0 = Release|Any CPU
		{7A621101-F152-4B4F-8088-13726FF90208}.Release|x86.ActiveCfg = Release|Any CPU
		{7A621101-F152-4B4F-8088-13726FF90208}.Release|x86.Build.0 = Release|Any CPU
		{6B7C302C-8C75-486E-90F4-15FB7FAF9AA5}.Debug|Any CPU.ActiveCfg = Debug|Any CPU
		{6B7C302C-8C75-486E-90F4-15FB7FAF9AA5}.Debug|Any CPU.Build.0 = Debug|Any CPU
		{6B7C302C-8C75-486E-90F4-15FB7FAF9AA5}.Debug|x64.ActiveCfg = Debug|Any CPU
		{6B7C302C-8C75-486E-90F4-15FB7FAF9AA5}.Debug|x64.Build.0 = Debug|Any CPU
		{6B7C302C-8C75-486E-90F4-15FB7FAF9AA5}.Debug|x86.ActiveCfg = Debug|Any CPU
		{6B7C302C-8C75-486E-90F4-15FB7FAF9AA5}.Debug|x86.Build.0 = Debug|Any CPU
		{6B7C302C-8C75-486E-90F4-15FB7FAF9AA5}.Release|Any CPU.ActiveCfg = Release|Any CPU
		{6B7C302C-8C75-486E-90F4-15FB7FAF9AA5}.Release|Any CPU.Build.0 = Release|Any CPU
		{6B7C302C-8C75-486E-90F4-15FB7FAF9AA5}.Release|x64.ActiveCfg = Release|Any CPU
		{6B7C302C-8C75-486E-90F4-15FB7FAF9AA5}.Release|x64.Build.0 = Release|Any CPU
		{6B7C302C-8C75-486E-90F4-15FB7FAF9AA5}.Release|x86.ActiveCfg = Release|Any CPU
		{6B7C302C-8C75-486E-90F4-15FB7FAF9AA5}.Release|x86.Build.0 = Release|Any CPU
		{4ECC9AA1-C271-4E11-9F8B-17B0BAD3F6AF}.Debug|Any CPU.ActiveCfg = Debug|Any CPU
		{4ECC9AA1-C271-4E11-9F8B-17B0BAD3F6AF}.Debug|Any CPU.Build.0 = Debug|Any CPU
		{4ECC9AA1-C271-4E11-9F8B-17B0BAD3F6AF}.Debug|x64.ActiveCfg = Debug|Any CPU
		{4ECC9AA1-C271-4E11-9F8B-17B0BAD3F6AF}.Debug|x64.Build.0 = Debug|Any CPU
		{4ECC9AA1-C271-4E11-9F8B-17B0BAD3F6AF}.Debug|x86.ActiveCfg = Debug|Any CPU
		{4ECC9AA1-C271-4E11-9F8B-17B0BAD3F6AF}.Debug|x86.Build.0 = Debug|Any CPU
		{4ECC9AA1-C271-4E11-9F8B-17B0BAD3F6AF}.Release|Any CPU.ActiveCfg = Release|Any CPU
		{4ECC9AA1-C271-4E11-9F8B-17B0BAD3F6AF}.Release|Any CPU.Build.0 = Release|Any CPU
		{4ECC9AA1-C271-4E11-9F8B-17B0BAD3F6AF}.Release|x64.ActiveCfg = Release|Any CPU
		{4ECC9AA1-C271-4E11-9F8B-17B0BAD3F6AF}.Release|x64.Build.0 = Release|Any CPU
		{4ECC9AA1-C271-4E11-9F8B-17B0BAD3F6AF}.Release|x86.ActiveCfg = Release|Any CPU
		{4ECC9AA1-C271-4E11-9F8B-17B0BAD3F6AF}.Release|x86.Build.0 = Release|Any CPU
		{DAEFA3B4-0FCF-4795-8EB8-2DF16CF01C58}.Debug|Any CPU.ActiveCfg = Debug|Any CPU
		{DAEFA3B4-0FCF-4795-8EB8-2DF16CF01C58}.Debug|Any CPU.Build.0 = Debug|Any CPU
		{DAEFA3B4-0FCF-4795-8EB8-2DF16CF01C58}.Debug|x64.ActiveCfg = Debug|Any CPU
		{DAEFA3B4-0FCF-4795-8EB8-2DF16CF01C58}.Debug|x64.Build.0 = Debug|Any CPU
		{DAEFA3B4-0FCF-4795-8EB8-2DF16CF01C58}.Debug|x86.ActiveCfg = Debug|Any CPU
		{DAEFA3B4-0FCF-4795-8EB8-2DF16CF01C58}.Debug|x86.Build.0 = Debug|Any CPU
		{DAEFA3B4-0FCF-4795-8EB8-2DF16CF01C58}.Release|Any CPU.ActiveCfg = Release|Any CPU
		{DAEFA3B4-0FCF-4795-8EB8-2DF16CF01C58}.Release|Any CPU.Build.0 = Release|Any CPU
		{DAEFA3B4-0FCF-4795-8EB8-2DF16CF01C58}.Release|x64.ActiveCfg = Release|Any CPU
		{DAEFA3B4-0FCF-4795-8EB8-2DF16CF01C58}.Release|x64.Build.0 = Release|Any CPU
		{DAEFA3B4-0FCF-4795-8EB8-2DF16CF01C58}.Release|x86.ActiveCfg = Release|Any CPU
		{DAEFA3B4-0FCF-4795-8EB8-2DF16CF01C58}.Release|x86.Build.0 = Release|Any CPU
		{0E427504-627F-40D6-813B-BC82B648B140}.Debug|Any CPU.ActiveCfg = Debug|Any CPU
		{0E427504-627F-40D6-813B-BC82B648B140}.Debug|Any CPU.Build.0 = Debug|Any CPU
		{0E427504-627F-40D6-813B-BC82B648B140}.Debug|x64.ActiveCfg = Debug|Any CPU
		{0E427504-627F-40D6-813B-BC82B648B140}.Debug|x64.Build.0 = Debug|Any CPU
		{0E427504-627F-40D6-813B-BC82B648B140}.Debug|x86.ActiveCfg = Debug|Any CPU
		{0E427504-627F-40D6-813B-BC82B648B140}.Debug|x86.Build.0 = Debug|Any CPU
		{0E427504-627F-40D6-813B-BC82B648B140}.Release|Any CPU.ActiveCfg = Release|Any CPU
		{0E427504-627F-40D6-813B-BC82B648B140}.Release|Any CPU.Build.0 = Release|Any CPU
		{0E427504-627F-40D6-813B-BC82B648B140}.Release|x64.ActiveCfg = Release|Any CPU
		{0E427504-627F-40D6-813B-BC82B648B140}.Release|x64.Build.0 = Release|Any CPU
		{0E427504-627F-40D6-813B-BC82B648B140}.Release|x86.ActiveCfg = Release|Any CPU
		{0E427504-627F-40D6-813B-BC82B648B140}.Release|x86.Build.0 = Release|Any CPU
	EndGlobalSection
EndGlobal
